
Microsoft Visual Studio Solution File, Format Version 12.00
# Visual Studio 15
VisualStudioVersion = 15.0.26430.16
MinimumVisualStudioVersion = 10.0.40219.1
Project("{FAE04EC0-301F-11D3-BF4B-00C04F79EFBC}") = "WebAppASU", "WebApplicationASU\WebAppASU.csproj", "{010544A7-BE6F-4E1A-80EB-5B90BF8ADF3D}"
EndProject
Project("{FAE04EC0-301F-11D3-BF4B-00C04F79EFBC}") = "WebAppAuthenticationExample", "WebApplicationAuthenticationExample\WebAppAuthenticationExample.csproj", "{16130EC3-B40D-4CDA-98B6-14FA0CCF1ECF}"
EndProject
Global
	GlobalSection(SolutionConfigurationPlatforms) = preSolution
		Debug|Any CPU = Debug|Any CPU
		Release|Any CPU = Release|Any CPU
	EndGlobalSection
	GlobalSection(ProjectConfigurationPlatforms) = postSolution
		{010544A7-BE6F-4E1A-80EB-5B90BF8ADF3D}.Debug|Any CPU.ActiveCfg = Debug|Any CPU
		{010544A7-BE6F-4E1A-80EB-5B90BF8ADF3D}.Debug|Any CPU.Build.0 = Debug|Any CPU
		{010544A7-BE6F-4E1A-80EB-5B90BF8ADF3D}.Release|Any CPU.ActiveCfg = Release|Any CPU
		{010544A7-BE6F-4E1A-80EB-5B90BF8ADF3D}.Release|Any CPU.Build.0 = Release|Any CPU
		{16130EC3-B40D-4CDA-98B6-14FA0CCF1ECF}.Debug|Any CPU.ActiveCfg = Debug|Any CPU
		{16130EC3-B40D-4CDA-98B6-14FA0CCF1ECF}.Debug|Any CPU.Build.0 = Debug|Any CPU
		{16130EC3-B40D-4CDA-98B6-14FA0CCF1ECF}.Release|Any CPU.ActiveCfg = Release|Any CPU
		{16130EC3-B40D-4CDA-98B6-14FA0CCF1ECF}.Release|Any CPU.Build.0 = Release|Any CPU
	EndGlobalSection
	GlobalSection(SolutionProperties) = preSolution
		HideSolutionNode = FALSE
	EndGlobalSection
EndGlobal
